
Microsoft Visual Studio Solution File, Format Version 12.00
# Visual Studio Version 17
VisualStudioVersion = 17.14.36414.22 d17.14
MinimumVisualStudioVersion = 10.0.40219.1
Project("{FAE04EC0-301F-11D3-BF4B-00C04F79EFBC}") = "Lesson5-Part1", "Lesson5-Part1\Lesson5-Part1.csproj", "{24227677-2C98-4204-B615-270A5C26F0C7}"
EndProject
Global
	GlobalSection(SolutionConfigurationPlatforms) = preSolution
		Debug|Any CPU = Debug|Any CPU
		Release|Any CPU = Release|Any CPU
	EndGlobalSection
	GlobalSection(ProjectConfigurationPlatforms) = postSolution
		{24227677-2C98-4204-B615-270A5C26F0C7}.Debug|Any CPU.ActiveCfg = Debug|Any CPU
		{24227677-2C98-4204-B615-270A5C26F0C7}.Debug|Any CPU.Build.0 = Debug|Any CPU
		{24227677-2C98-4204-B615-270A5C26F0C7}.Release|Any CPU.ActiveCfg = Release|Any CPU
		{24227677-2C98-4204-B615-270A5C26F0C7}.Release|Any CPU.Build.0 = Release|Any CPU
	EndGlobalSection
	GlobalSection(SolutionProperties) = preSolution
		HideSolutionNode = FALSE
	EndGlobalSection
	GlobalSection(ExtensibilityGlobals) = postSolution
		SolutionGuid = {B1D90279-28F7-4C5A-96E3-B26A8F735939}
	EndGlobalSection
EndGlobal
